
Microsoft Visual Studio Solution File, Format Version 12.00
# Visual Studio Version 17
VisualStudioVersion = 17.9.34723.18
MinimumVisualStudioVersion = 10.0.40219.1
Project("{FAE04EC0-301F-11D3-BF4B-00C04F79EFBC}") = "backend", "backend\backend.csproj", "{9A517E49-94FE-411D-BEEE-7C2CD4E78EAA}"
EndProject
Global
	GlobalSection(SolutionConfigurationPlatforms) = preSolution
		Debug|Any CPU = Debug|Any CPU
		Release|Any CPU = Release|Any CPU
	EndGlobalSection
	GlobalSection(ProjectConfigurationPlatforms) = postSolution
		{9A517E49-94FE-411D-BEEE-7C2CD4E78EAA}.Debug|Any CPU.ActiveCfg = Debug|Any CPU
		{9A517E49-94FE-411D-BEEE-7C2CD4E78EAA}.Debug|Any CPU.Build.0 = Debug|Any CPU
		{9A517E49-94FE-411D-BEEE-7C2CD4E78EAA}.Release|Any CPU.ActiveCfg = Release|Any CPU
		{9A517E49-94FE-411D-BEEE-7C2CD4E78EAA}.Release|Any CPU.Build.0 = Release|Any CPU
	EndGlobalSection
	GlobalSection(SolutionProperties) = preSolution
		HideSolutionNode = FALSE
	EndGlobalSection
	GlobalSection(ExtensibilityGlobals) = postSolution
		SolutionGuid = {AC5BB4E8-F597-40BC-BFA5-13ACE3812027}
	EndGlobalSection
EndGlobal
